# THIS IS AN AUTOGENERATED FILE. DO NOT EDIT THIS FILE DIRECTLY.
# yarn lockfile v1


"@babel/code-frame@^7.10.4":
  version "7.10.4"
  resolved "https://registry.yarnpkg.com/@babel/code-frame/-/code-frame-7.10.4.tgz#168da1a36e90da68ae8d49c0f1b48c7c6249213a"
  dependencies:
    "@babel/highlight" "^7.10.4"

"@babel/generator@^7.10.5":
  version "7.10.5"
  resolved "https://registry.yarnpkg.com/@babel/generator/-/generator-7.10.5.tgz#1b903554bc8c583ee8d25f1e8969732e6b829a69"
  dependencies:
    "@babel/types" "^7.10.5"
    jsesc "^2.5.1"
    source-map "^0.5.0"

"@babel/helper-create-class-features-plugin@^7.10.5":
  version "7.10.5"
  resolved "https://registry.yarnpkg.com/@babel/helper-create-class-features-plugin/-/helper-create-class-features-plugin-7.10.5.tgz#9f61446ba80e8240b0a5c85c6fdac8459d6f259d"
  dependencies:
    "@babel/helper-function-name" "^7.10.4"
    "@babel/helper-member-expression-to-functions" "^7.10.5"
    "@babel/helper-optimise-call-expression" "^7.10.4"
    "@babel/helper-plugin-utils" "^7.10.4"
    "@babel/helper-replace-supers" "^7.10.4"
    "@babel/helper-split-export-declaration" "^7.10.4"

"@babel/helper-function-name@^7.10.4":
  version "7.10.4"
  resolved "https://registry.yarnpkg.com/@babel/helper-function-name/-/helper-function-name-7.10.4.tgz#d2d3b20c59ad8c47112fa7d2a94bc09d5ef82f1a"
  dependencies:
    "@babel/helper-get-function-arity" "^7.10.4"
    "@babel/template" "^7.10.4"
    "@babel/types" "^7.10.4"

"@babel/helper-get-function-arity@^7.10.4":
  version "7.10.4"
  resolved "https://registry.yarnpkg.com/@babel/helper-get-function-arity/-/helper-get-function-arity-7.10.4.tgz#98c1cbea0e2332f33f9a4661b8ce1505b2c19ba2"
  dependencies:
    "@babel/types" "^7.10.4"

"@babel/helper-member-expression-to-functions@^7.10.4", "@babel/helper-member-expression-to-functions@^7.10.5":
  version "7.10.5"
  resolved "https://registry.yarnpkg.com/@babel/helper-member-expression-to-functions/-/helper-member-expression-to-functions-7.10.5.tgz#172f56e7a63e78112f3a04055f24365af702e7ee"
  dependencies:
    "@babel/types" "^7.10.5"

"@babel/helper-optimise-call-expression@^7.10.4":
  version "7.10.4"
  resolved "https://registry.yarnpkg.com/@babel/helper-optimise-call-expression/-/helper-optimise-call-expression-7.10.4.tgz#50dc96413d594f995a77905905b05893cd779673"
  dependencies:
    "@babel/types" "^7.10.4"

"@babel/helper-plugin-utils@^7.10.4":
  version "7.10.4"
  resolved "https://registry.yarnpkg.com/@babel/helper-plugin-utils/-/helper-plugin-utils-7.10.4.tgz#2f75a831269d4f677de49986dff59927533cf375"

"@babel/helper-replace-supers@^7.10.4":
  version "7.10.4"
  resolved "https://registry.yarnpkg.com/@babel/helper-replace-supers/-/helper-replace-supers-7.10.4.tgz#d585cd9388ea06e6031e4cd44b6713cbead9e6cf"
  dependencies:
    "@babel/helper-member-expression-to-functions" "^7.10.4"
    "@babel/helper-optimise-call-expression" "^7.10.4"
    "@babel/traverse" "^7.10.4"
    "@babel/types" "^7.10.4"

"@babel/helper-split-export-declaration@^7.10.4":
  version "7.10.4"
  resolved "https://registry.yarnpkg.com/@babel/helper-split-export-declaration/-/helper-split-export-declaration-7.10.4.tgz#2c70576eaa3b5609b24cb99db2888cc3fc4251d1"
  dependencies:
    "@babel/types" "^7.10.4"

"@babel/helper-validator-identifier@^7.10.4":
  version "7.10.4"
  resolved "https://registry.yarnpkg.com/@babel/helper-validator-identifier/-/helper-validator-identifier-7.10.4.tgz#a78c7a7251e01f616512d31b10adcf52ada5e0d2"

"@babel/highlight@^7.10.4":
  version "7.10.4"
  resolved "https://registry.yarnpkg.com/@babel/highlight/-/highlight-7.10.4.tgz#7d1bdfd65753538fabe6c38596cdb76d9ac60143"
  dependencies:
    "@babel/helper-validator-identifier" "^7.10.4"
    chalk "^2.0.0"
    js-tokens "^4.0.0"

"@babel/parser@^7.10.4", "@babel/parser@^7.10.5":
  version "7.10.5"
  resolved "https://registry.yarnpkg.com/@babel/parser/-/parser-7.10.5.tgz#e7c6bf5a7deff957cec9f04b551e2762909d826b"

"@babel/plugin-syntax-typescript@^7.10.4":
  version "7.10.4"
  resolved "https://registry.yarnpkg.com/@babel/plugin-syntax-typescript/-/plugin-syntax-typescript-7.10.4.tgz#2f55e770d3501e83af217d782cb7517d7bb34d25"
  dependencies:
    "@babel/helper-plugin-utils" "^7.10.4"

"@babel/plugin-transform-typescript@^7.10.4":
  version "7.10.5"
  resolved "https://registry.yarnpkg.com/@babel/plugin-transform-typescript/-/plugin-transform-typescript-7.10.5.tgz#edf353944e979f40d8ff9fe4e9975d0a465037c5"
  dependencies:
    "@babel/helper-create-class-features-plugin" "^7.10.5"
    "@babel/helper-plugin-utils" "^7.10.4"
    "@babel/plugin-syntax-typescript" "^7.10.4"

"@babel/preset-typescript@^7.10.4":
  version "7.10.4"
  resolved "https://registry.yarnpkg.com/@babel/preset-typescript/-/preset-typescript-7.10.4.tgz#7d5d052e52a682480d6e2cc5aa31be61c8c25e36"
  dependencies:
    "@babel/helper-plugin-utils" "^7.10.4"
    "@babel/plugin-transform-typescript" "^7.10.4"

"@babel/template@^7.10.4":
  version "7.10.4"
  resolved "https://registry.yarnpkg.com/@babel/template/-/template-7.10.4.tgz#3251996c4200ebc71d1a8fc405fba940f36ba278"
  dependencies:
    "@babel/code-frame" "^7.10.4"
    "@babel/parser" "^7.10.4"
    "@babel/types" "^7.10.4"

"@babel/traverse@^7.10.4":
  version "7.10.5"
  resolved "https://registry.yarnpkg.com/@babel/traverse/-/traverse-7.10.5.tgz#77ce464f5b258be265af618d8fddf0536f20b564"
  dependencies:
    "@babel/code-frame" "^7.10.4"
    "@babel/generator" "^7.10.5"
    "@babel/helper-function-name" "^7.10.4"
    "@babel/helper-split-export-declaration" "^7.10.4"
    "@babel/parser" "^7.10.5"
    "@babel/types" "^7.10.5"
    debug "^4.1.0"
    globals "^11.1.0"
    lodash "^4.17.19"

"@babel/types@^7.10.4", "@babel/types@^7.10.5":
  version "7.10.5"
  resolved "https://registry.yarnpkg.com/@babel/types/-/types-7.10.5.tgz#d88ae7e2fde86bfbfe851d4d81afa70a997b5d15"
  dependencies:
    "@babel/helper-validator-identifier" "^7.10.4"
    lodash "^4.17.19"
    to-fast-properties "^2.0.0"

"@cycle/base@^4.0.0":
  version "4.3.0"
  resolved "https://registry.yarnpkg.com/@cycle/base/-/base-4.3.0.tgz#464d320e5dbe80b3e3821195200607cdcf47198b"

"@cycle/core@^7.0.0":
  version "7.0.0"
  resolved "https://registry.yarnpkg.com/@cycle/core/-/core-7.0.0.tgz#21f66a54b3aba565e1220fba96815fc657d08360"
  dependencies:
    "@cycle/base" "^4.0.0"
    "@cycle/rx-adapter" "^3.0.0"

"@cycle/rx-adapter@^3.0.0":
  version "3.1.0"
  resolved "https://registry.yarnpkg.com/@cycle/rx-adapter/-/rx-adapter-3.1.0.tgz#ccb92a1971c78b948b1e1a9010e54890958a0d22"

ansi-styles@^3.2.1:
  version "3.2.1"
  resolved "https://registry.yarnpkg.com/ansi-styles/-/ansi-styles-3.2.1.tgz#41fbb20243e50b12be0f04b8dedbf07520ce841d"
  dependencies:
    color-convert "^1.9.0"

chalk@^2.0.0:
  version "2.4.2"
  resolved "https://registry.yarnpkg.com/chalk/-/chalk-2.4.2.tgz#cd42541677a54333cf541a49108c1432b44c9424"
  dependencies:
    ansi-styles "^3.2.1"
    escape-string-regexp "^1.0.5"
    supports-color "^5.3.0"

color-convert@^1.9.0:
  version "1.9.3"
  resolved "https://registry.yarnpkg.com/color-convert/-/color-convert-1.9.3.tgz#bb71850690e1f136567de629d2d5471deda4c1e8"
  dependencies:
    color-name "1.1.3"

color-name@1.1.3:
  version "1.1.3"
  resolved "https://registry.yarnpkg.com/color-name/-/color-name-1.1.3.tgz#a7d0558bd89c42f795dd42328f740831ca53bc25"

debug@^4.1.0:
  version "4.2.0"
  resolved "https://registry.yarnpkg.com/debug/-/debug-4.2.0.tgz#7f150f93920e94c58f5574c2fd01a3110effe7f1"
  dependencies:
    ms "2.1.2"

escape-string-regexp@^1.0.5:
  version "1.0.5"
  resolved "https://registry.yarnpkg.com/escape-string-regexp/-/escape-string-regexp-1.0.5.tgz#1b61c0562190a8dff6ae3bb2cf0200ca130b86d4"

globals@^11.1.0:
  version "11.12.0"
  resolved "https://registry.yarnpkg.com/globals/-/globals-11.12.0.tgz#ab8795338868a0babd8525758018c2a7eb95c42e"

has-flag@^3.0.0:
  version "3.0.0"
  resolved "https://registry.yarnpkg.com/has-flag/-/has-flag-3.0.0.tgz#b5d454dc2199ae225699f3467e5a07f3b955bafd"

js-tokens@^4.0.0:
  version "4.0.0"
  resolved "https://registry.yarnpkg.com/js-tokens/-/js-tokens-4.0.0.tgz#19203fb59991df98e3a287050d4647cdeaf32499"

jsesc@^2.5.1:
  version "2.5.2"
  resolved "https://registry.yarnpkg.com/jsesc/-/jsesc-2.5.2.tgz#80564d2e483dacf6e8ef209650a67df3f0c283a4"

lodash@^4.17.19:
  version "4.17.19"
  resolved "https://registry.yarnpkg.com/lodash/-/lodash-4.17.19.tgz#e48ddedbe30b3321783c5b4301fbd353bc1e4a4b"

ms@2.1.2:
  version "2.1.2"
  resolved "https://registry.yarnpkg.com/ms/-/ms-2.1.2.tgz#d09d1f357b443f493382a8eb3ccd183872ae6009"

rambda@^5.9.0:
  version "5.9.0"
  resolved "https://registry.yarnpkg.com/rambda/-/rambda-5.9.0.tgz#559c402d64be44836ab2efc44865ba7c58713013"

snabbdom@^1.0.1:
  version "1.0.1"
  resolved "https://registry.yarnpkg.com/snabbdom/-/snabbdom-1.0.1.tgz#56de29b7499e6a9ee05e024ce3fc75d71761c08a"

source-map@^0.5.0:
  version "0.5.7"
  resolved "https://registry.yarnpkg.com/source-map/-/source-map-0.5.7.tgz#8a039d2d1021d22d1ea14c80d8ea468ba2ef3fcc"

supports-color@^5.3.0:
  version "5.5.0"
  resolved "https://registry.yarnpkg.com/supports-color/-/supports-color-5.5.0.tgz#e2e69a44ac8772f78a1ec0b35b689df6530efc8f"
  dependencies:
    has-flag "^3.0.0"

symbol-observable@1.2.0:
  version "1.2.0"
  resolved "https://registry.yarnpkg.com/symbol-observable/-/symbol-observable-1.2.0.tgz#c22688aed4eab3cdc2dfeacbb561660560a00804"

to-fast-properties@^2.0.0:
  version "2.0.0"
  resolved "https://registry.yarnpkg.com/to-fast-properties/-/to-fast-properties-2.0.0.tgz#dc5e698cbd079265bc73e0377681a4e4e83f616e"

xstream@^11.12.0:
  version "11.12.0"
  resolved "https://registry.yarnpkg.com/xstream/-/xstream-11.12.0.tgz#a85fded069cc8ac3aedc9538e5d94ab6d0ce845a"
  dependencies:
    symbol-observable "1.2.0"
